
Microsoft Visual Studio Solution File, Format Version 12.00
# Visual Studio Version 17
VisualStudioVersion = 17.6.33815.320
MinimumVisualStudioVersion = 10.0.40219.1
Project("{9A19103F-16F7-4668-BE54-9A1E7A4F7556}") = "Maid.Content.API", "Maid.Content.API\Maid.Content.API.csproj", "{CCD5D898-8A5B-4F18-A9C7-47B761091E9C}"
EndProject
Project("{9A19103F-16F7-4668-BE54-9A1E7A4F7556}") = "Maid.Core", "Maid.Core\Maid.Core.csproj", "{D7294F8C-713F-4E68-B204-D51E8C3BC82B}"
EndProject
Project("{9A19103F-16F7-4668-BE54-9A1E7A4F7556}") = "Maid.Content", "Maid.Content\Maid.Content.csproj", "{DE388D93-C6C3-42B4-A6FE-3F59CFFBEC26}"
EndProject
Project("{9A19103F-16F7-4668-BE54-9A1E7A4F7556}") = "Maid.Content.DB", "Maid.Content.DB\Maid.Content.DB.csproj", "{D9C5B3EE-FC1D-4EA5-9D2C-F4528049B5EF}"
EndProject
Project("{9A19103F-16F7-4668-BE54-9A1E7A4F7556}") = "Maid.Quartz", "Maid.Quartz\Maid.Quartz.csproj", "{9A2CE557-22B8-4DDD-A1CE-7FD0CE909BE1}"
EndProject
Project("{9A19103F-16F7-4668-BE54-9A1E7A4F7556}") = "Maid.RabbitMQ", "Maid.RabbitMQ\Maid.RabbitMQ.csproj", "{22A50C24-AA6D-4130-9BEB-835459D504DA}"
EndProject
Project("{2150E333-8FDC-42A3-9474-1A3956D46DE8}") = "Deploy", "Deploy", "{09FDD4D6-1265-4BC9-9830-231E070896D3}"
	ProjectSection(SolutionItems) = preProject
		Deploy\deployment-services.yaml = Deploy\deployment-services.yaml
		Deploy\ingress.yaml = Deploy\ingress.yaml
		maid-content-api-deploy.yaml = maid-content-api-deploy.yaml
		Deploy\sercrets.yaml = Deploy\sercrets.yaml
		Deploy\staging_issuer.yaml = Deploy\staging_issuer.yaml
	EndProjectSection
EndProject
Project("{9A19103F-16F7-4668-BE54-9A1E7A4F7556}") = "Maid.Auth.API", "Maid.Auth.API\Maid.Auth.API.csproj", "{3C706894-019E-4F7D-BCDF-67E97D0DA7C0}"
EndProject
Project("{9A19103F-16F7-4668-BE54-9A1E7A4F7556}") = "Maid.Notifications.API", "Maid.Notifications.Api\Maid.Notifications.API.csproj", "{B4D9C663-83E2-48EE-BFB7-A3F8B14DE62C}"
EndProject
Project("{9A19103F-16F7-4668-BE54-9A1E7A4F7556}") = "Maid.Notifications.DB", "Maid.Notifications.DB\Maid.Notifications.DB.csproj", "{95B16E92-537A-4F16-9FAC-03C6183F4EB9}"
EndProject
Project("{9A19103F-16F7-4668-BE54-9A1E7A4F7556}") = "Maid.Notifications", "Maid.Notifications\Maid.Notifications.csproj", "{D9F0C191-CA6D-4150-A995-533694A03608}"
EndProject
Project("{9A19103F-16F7-4668-BE54-9A1E7A4F7556}") = "Maid.AzureStorage", "Maid.AzureStorage\Maid.AzureStorage.csproj", "{621E99F2-0956-42C2-B601-244FD74C43A1}"
EndProject
Project("{2150E333-8FDC-42A3-9474-1A3956D46DE8}") = "Maid.Storage", "Maid.Storage", "{E741710A-C1F8-45A0-A2AA-D770982F3E05}"
EndProject
Project("{9A19103F-16F7-4668-BE54-9A1E7A4F7556}") = "Maid.IStorage", "Maid.IStorage\Maid.IStorage.csproj", "{3F6CBA62-D18D-42D4-9AD0-BEDCA3F6F2C2}"
EndProject
Project("{2150E333-8FDC-42A3-9474-1A3956D46DE8}") = "Maid.Contents", "Maid.Contents", "{0FC37099-7C3B-4E9C-B9B6-5E244BDA76A4}"
EndProject
Project("{2150E333-8FDC-42A3-9474-1A3956D46DE8}") = "Maid.Notification", "Maid.Notification", "{5F65EBD4-8B1A-4269-94E9-C5EB1871F273}"
EndProject
Project("{9A19103F-16F7-4668-BE54-9A1E7A4F7556}") = "Maid.Storage.API", "Maid.Storage.API\Maid.Storage.API.csproj", "{2BC195FA-3585-4EF3-8E4D-08C906C0EFEE}"
EndProject
Project("{FAE04EC0-301F-11D3-BF4B-00C04F79EFBC}") = "Maid.Storage", "Maid.Storage\Maid.Storage.csproj", "{A58653A8-1E2A-44AA-9D91-FF53900D019B}"
EndProject
Global
	GlobalSection(SolutionConfigurationPlatforms) = preSolution
		Debug|Any CPU = Debug|Any CPU
		Release|Any CPU = Release|Any CPU
	EndGlobalSection
	GlobalSection(ProjectConfigurationPlatforms) = postSolution
		{CCD5D898-8A5B-4F18-A9C7-47B761091E9C}.Debug|Any CPU.ActiveCfg = Debug|Any CPU
		{CCD5D898-8A5B-4F18-A9C7-47B761091E9C}.Debug|Any CPU.Build.0 = Debug|Any CPU
		{CCD5D898-8A5B-4F18-A9C7-47B761091E9C}.Release|Any CPU.ActiveCfg = Release|Any CPU
		{CCD5D898-8A5B-4F18-A9C7-47B761091E9C}.Release|Any CPU.Build.0 = Release|Any CPU
		{D7294F8C-713F-4E68-B204-D51E8C3BC82B}.Debug|Any CPU.ActiveCfg = Debug|Any CPU
		{D7294F8C-713F-4E68-B204-D51E8C3BC82B}.Debug|Any CPU.Build.0 = Debug|Any CPU
		{D7294F8C-713F-4E68-B204-D51E8C3BC82B}.Release|Any CPU.ActiveCfg = Release|Any CPU
		{D7294F8C-713F-4E68-B204-D51E8C3BC82B}.Release|Any CPU.Build.0 = Release|Any CPU
		{DE388D93-C6C3-42B4-A6FE-3F59CFFBEC26}.Debug|Any CPU.ActiveCfg = Debug|Any CPU
		{DE388D93-C6C3-42B4-A6FE-3F59CFFBEC26}.Debug|Any CPU.Build.0 = Debug|Any CPU
		{DE388D93-C6C3-42B4-A6FE-3F59CFFBEC26}.Release|Any CPU.ActiveCfg = Release|Any CPU
		{DE388D93-C6C3-42B4-A6FE-3F59CFFBEC26}.Release|Any CPU.Build.0 = Release|Any CPU
		{D9C5B3EE-FC1D-4EA5-9D2C-F4528049B5EF}.Debug|Any CPU.ActiveCfg = Debug|Any CPU
		{D9C5B3EE-FC1D-4EA5-9D2C-F4528049B5EF}.Debug|Any CPU.Build.0 = Debug|Any CPU
		{D9C5B3EE-FC1D-4EA5-9D2C-F4528049B5EF}.Release|Any CPU.ActiveCfg = Release|Any CPU
		{D9C5B3EE-FC1D-4EA5-9D2C-F4528049B5EF}.Release|Any CPU.Build.0 = Release|Any CPU
		{9A2CE557-22B8-4DDD-A1CE-7FD0CE909BE1}.Debug|Any CPU.ActiveCfg = Debug|Any CPU
		{9A2CE557-22B8-4DDD-A1CE-7FD0CE909BE1}.Debug|Any CPU.Build.0 = Debug|Any CPU
		{9A2CE557-22B8-4DDD-A1CE-7FD0CE909BE1}.Release|Any CPU.ActiveCfg = Release|Any CPU
		{9A2CE557-22B8-4DDD-A1CE-7FD0CE909BE1}.Release|Any CPU.Build.0 = Release|Any CPU
		{22A50C24-AA6D-4130-9BEB-835459D504DA}.Debug|Any CPU.ActiveCfg = Debug|Any CPU
		{22A50C24-AA6D-4130-9BEB-835459D504DA}.Debug|Any CPU.Build.0 = Debug|Any CPU
		{22A50C24-AA6D-4130-9BEB-835459D504DA}.Release|Any CPU.ActiveCfg = Release|Any CPU
		{22A50C24-AA6D-4130-9BEB-835459D504DA}.Release|Any CPU.Build.0 = Release|Any CPU
		{3C706894-019E-4F7D-BCDF-67E97D0DA7C0}.Debug|Any CPU.ActiveCfg = Debug|Any CPU
		{3C706894-019E-4F7D-BCDF-67E97D0DA7C0}.Debug|Any CPU.Build.0 = Debug|Any CPU
		{3C706894-019E-4F7D-BCDF-67E97D0DA7C0}.Release|Any CPU.ActiveCfg = Release|Any CPU
		{3C706894-019E-4F7D-BCDF-67E97D0DA7C0}.Release|Any CPU.Build.0 = Release|Any CPU
		{B4D9C663-83E2-48EE-BFB7-A3F8B14DE62C}.Debug|Any CPU.ActiveCfg = Debug|Any CPU
		{B4D9C663-83E2-48EE-BFB7-A3F8B14DE62C}.Debug|Any CPU.Build.0 = Debug|Any CPU
		{B4D9C663-83E2-48EE-BFB7-A3F8B14DE62C}.Release|Any CPU.ActiveCfg = Release|Any CPU
		{B4D9C663-83E2-48EE-BFB7-A3F8B14DE62C}.Release|Any CPU.Build.0 = Release|Any CPU
		{95B16E92-537A-4F16-9FAC-03C6183F4EB9}.Debug|Any CPU.ActiveCfg = Debug|Any CPU
		{95B16E92-537A-4F16-9FAC-03C6183F4EB9}.Debug|Any CPU.Build.0 = Debug|Any CPU
		{95B16E92-537A-4F16-9FAC-03C6183F4EB9}.Release|Any CPU.ActiveCfg = Release|Any CPU
		{95B16E92-537A-4F16-9FAC-03C6183F4EB9}.Release|Any CPU.Build.0 = Release|Any CPU
		{D9F0C191-CA6D-4150-A995-533694A03608}.Debug|Any CPU.ActiveCfg = Debug|Any CPU
		{D9F0C191-CA6D-4150-A995-533694A03608}.Debug|Any CPU.Build.0 = Debug|Any CPU
		{D9F0C191-CA6D-4150-A995-533694A03608}.Release|Any CPU.ActiveCfg = Release|Any CPU
		{D9F0C191-CA6D-4150-A995-533694A03608}.Release|Any CPU.Build.0 = Release|Any CPU
		{621E99F2-0956-42C2-B601-244FD74C43A1}.Debug|Any CPU.ActiveCfg = Debug|Any CPU
		{621E99F2-0956-42C2-B601-244FD74C43A1}.Debug|Any CPU.Build.0 = Debug|Any CPU
		{621E99F2-0956-42C2-B601-244FD74C43A1}.Release|Any CPU.ActiveCfg = Release|Any CPU
		{621E99F2-0956-42C2-B601-244FD74C43A1}.Release|Any CPU.Build.0 = Release|Any CPU
		{3F6CBA62-D18D-42D4-9AD0-BEDCA3F6F2C2}.Debug|Any CPU.ActiveCfg = Debug|Any CPU
		{3F6CBA62-D18D-42D4-9AD0-BEDCA3F6F2C2}.Debug|Any CPU.Build.0 = Debug|Any CPU
		{3F6CBA62-D18D-42D4-9AD0-BEDCA3F6F2C2}.Release|Any CPU.ActiveCfg = Release|Any CPU
		{3F6CBA62-D18D-42D4-9AD0-BEDCA3F6F2C2}.Release|Any CPU.Build.0 = Release|Any CPU
		{2BC195FA-3585-4EF3-8E4D-08C906C0EFEE}.Debug|Any CPU.ActiveCfg = Debug|Any CPU
		{2BC195FA-3585-4EF3-8E4D-08C906C0EFEE}.Debug|Any CPU.Build.0 = Debug|Any CPU
		{2BC195FA-3585-4EF3-8E4D-08C906C0EFEE}.Release|Any CPU.ActiveCfg = Release|Any CPU
		{2BC195FA-3585-4EF3-8E4D-08C906C0EFEE}.Release|Any CPU.Build.0 = Release|Any CPU
		{A58653A8-1E2A-44AA-9D91-FF53900D019B}.Debug|Any CPU.ActiveCfg = Debug|Any CPU
		{A58653A8-1E2A-44AA-9D91-FF53900D019B}.Debug|Any CPU.Build.0 = Debug|Any CPU
		{A58653A8-1E2A-44AA-9D91-FF53900D019B}.Release|Any CPU.ActiveCfg = Release|Any CPU
		{A58653A8-1E2A-44AA-9D91-FF53900D019B}.Release|Any CPU.Build.0 = Release|Any CPU
	EndGlobalSection
	GlobalSection(SolutionProperties) = preSolution
		HideSolutionNode = FALSE
	EndGlobalSection
	GlobalSection(NestedProjects) = preSolution
		{CCD5D898-8A5B-4F18-A9C7-47B761091E9C} = {0FC37099-7C3B-4E9C-B9B6-5E244BDA76A4}
		{DE388D93-C6C3-42B4-A6FE-3F59CFFBEC26} = {0FC37099-7C3B-4E9C-B9B6-5E244BDA76A4}
		{D9C5B3EE-FC1D-4EA5-9D2C-F4528049B5EF} = {0FC37099-7C3B-4E9C-B9B6-5E244BDA76A4}
		{B4D9C663-83E2-48EE-BFB7-A3F8B14DE62C} = {5F65EBD4-8B1A-4269-94E9-C5EB1871F273}
		{95B16E92-537A-4F16-9FAC-03C6183F4EB9} = {5F65EBD4-8B1A-4269-94E9-C5EB1871F273}
		{D9F0C191-CA6D-4150-A995-533694A03608} = {5F65EBD4-8B1A-4269-94E9-C5EB1871F273}
		{621E99F2-0956-42C2-B601-244FD74C43A1} = {E741710A-C1F8-45A0-A2AA-D770982F3E05}
		{3F6CBA62-D18D-42D4-9AD0-BEDCA3F6F2C2} = {E741710A-C1F8-45A0-A2AA-D770982F3E05}
		{2BC195FA-3585-4EF3-8E4D-08C906C0EFEE} = {E741710A-C1F8-45A0-A2AA-D770982F3E05}
		{A58653A8-1E2A-44AA-9D91-FF53900D019B} = {E741710A-C1F8-45A0-A2AA-D770982F3E05}
	EndGlobalSection
	GlobalSection(ExtensibilityGlobals) = postSolution
		SolutionGuid = {897BEE6A-4CF2-48E6-96DD-9200CBBB994F}
	EndGlobalSection
EndGlobal
