
Microsoft Visual Studio Solution File, Format Version 12.00
# Visual Studio 15
VisualStudioVersion = 15.0.28010.2048
MinimumVisualStudioVersion = 10.0.40219.1
Project("{9A19103F-16F7-4668-BE54-9A1E7A4F7556}") = "Maid.Manga.API", "MaidAPI\Maid.Manga.API.csproj", "{CCD5D898-8A5B-4F18-A9C7-47B761091E9C}"
EndProject
Project("{9A19103F-16F7-4668-BE54-9A1E7A4F7556}") = "Maid.Manga.APi.Tests", "MaidAPI.Tests\Maid.Manga.APi.Tests.csproj", "{1E22E1E3-97A8-438D-A64F-4C312B627956}"
EndProject
Project("{E24C65DC-7377-472B-9ABA-BC803B73C61A}") = "UI", "UI\", "{DB1A996E-7EC0-49EC-9E3B-7859B9913570}"
	ProjectSection(WebsiteProperties) = preProject
		TargetFrameworkMoniker = ".NETFramework,Version%3Dv4.0"
		Debug.AspNetCompiler.VirtualPath = "/localhost_54638"
		Debug.AspNetCompiler.PhysicalPath = "UI\"
		Debug.AspNetCompiler.TargetPath = "PrecompiledWeb\localhost_54638\"
		Debug.AspNetCompiler.Updateable = "true"
		Debug.AspNetCompiler.ForceOverwrite = "true"
		Debug.AspNetCompiler.FixedNames = "false"
		Debug.AspNetCompiler.Debug = "True"
		Release.AspNetCompiler.VirtualPath = "/localhost_54638"
		Release.AspNetCompiler.PhysicalPath = "UI\"
		Release.AspNetCompiler.TargetPath = "PrecompiledWeb\localhost_54638\"
		Release.AspNetCompiler.Updateable = "true"
		Release.AspNetCompiler.ForceOverwrite = "true"
		Release.AspNetCompiler.FixedNames = "false"
		Release.AspNetCompiler.Debug = "False"
		VWDPort = "54638"
		SlnRelativePath = "UI\"
	EndProjectSection
EndProject
Project("{9A19103F-16F7-4668-BE54-9A1E7A4F7556}") = "Maid.Core", "Maid.Core\Maid.Core.csproj", "{D7294F8C-713F-4E68-B204-D51E8C3BC82B}"
EndProject
Project("{9A19103F-16F7-4668-BE54-9A1E7A4F7556}") = "Maid.Manga", "Maid.Manga\Maid.Manga.csproj", "{DE388D93-C6C3-42B4-A6FE-3F59CFFBEC26}"
EndProject
Project("{9A19103F-16F7-4668-BE54-9A1E7A4F7556}") = "Maid.Manga.DB", "Maid.Manga.DB\Maid.Manga.DB.csproj", "{D9C5B3EE-FC1D-4EA5-9D2C-F4528049B5EF}"
EndProject
Project("{FAE04EC0-301F-11D3-BF4B-00C04F79EFBC}") = "Maid.Quartz", "Maid.Quartz\Maid.Quartz.csproj", "{9A2CE557-22B8-4DDD-A1CE-7FD0CE909BE1}"
EndProject
Global
	GlobalSection(SolutionConfigurationPlatforms) = preSolution
		Debug|Any CPU = Debug|Any CPU
		Release|Any CPU = Release|Any CPU
	EndGlobalSection
	GlobalSection(ProjectConfigurationPlatforms) = postSolution
		{CCD5D898-8A5B-4F18-A9C7-47B761091E9C}.Debug|Any CPU.ActiveCfg = Debug|Any CPU
		{CCD5D898-8A5B-4F18-A9C7-47B761091E9C}.Debug|Any CPU.Build.0 = Debug|Any CPU
		{CCD5D898-8A5B-4F18-A9C7-47B761091E9C}.Release|Any CPU.ActiveCfg = Release|Any CPU
		{CCD5D898-8A5B-4F18-A9C7-47B761091E9C}.Release|Any CPU.Build.0 = Release|Any CPU
		{1E22E1E3-97A8-438D-A64F-4C312B627956}.Debug|Any CPU.ActiveCfg = Debug|Any CPU
		{1E22E1E3-97A8-438D-A64F-4C312B627956}.Debug|Any CPU.Build.0 = Debug|Any CPU
		{1E22E1E3-97A8-438D-A64F-4C312B627956}.Release|Any CPU.ActiveCfg = Release|Any CPU
		{1E22E1E3-97A8-438D-A64F-4C312B627956}.Release|Any CPU.Build.0 = Release|Any CPU
		{DB1A996E-7EC0-49EC-9E3B-7859B9913570}.Debug|Any CPU.ActiveCfg = Debug|Any CPU
		{DB1A996E-7EC0-49EC-9E3B-7859B9913570}.Debug|Any CPU.Build.0 = Debug|Any CPU
		{DB1A996E-7EC0-49EC-9E3B-7859B9913570}.Release|Any CPU.ActiveCfg = Debug|Any CPU
		{DB1A996E-7EC0-49EC-9E3B-7859B9913570}.Release|Any CPU.Build.0 = Debug|Any CPU
		{D7294F8C-713F-4E68-B204-D51E8C3BC82B}.Debug|Any CPU.ActiveCfg = Debug|Any CPU
		{D7294F8C-713F-4E68-B204-D51E8C3BC82B}.Debug|Any CPU.Build.0 = Debug|Any CPU
		{D7294F8C-713F-4E68-B204-D51E8C3BC82B}.Release|Any CPU.ActiveCfg = Release|Any CPU
		{D7294F8C-713F-4E68-B204-D51E8C3BC82B}.Release|Any CPU.Build.0 = Release|Any CPU
		{DE388D93-C6C3-42B4-A6FE-3F59CFFBEC26}.Debug|Any CPU.ActiveCfg = Debug|Any CPU
		{DE388D93-C6C3-42B4-A6FE-3F59CFFBEC26}.Debug|Any CPU.Build.0 = Debug|Any CPU
		{DE388D93-C6C3-42B4-A6FE-3F59CFFBEC26}.Release|Any CPU.ActiveCfg = Release|Any CPU
		{DE388D93-C6C3-42B4-A6FE-3F59CFFBEC26}.Release|Any CPU.Build.0 = Release|Any CPU
		{D9C5B3EE-FC1D-4EA5-9D2C-F4528049B5EF}.Debug|Any CPU.ActiveCfg = Debug|Any CPU
		{D9C5B3EE-FC1D-4EA5-9D2C-F4528049B5EF}.Debug|Any CPU.Build.0 = Debug|Any CPU
		{D9C5B3EE-FC1D-4EA5-9D2C-F4528049B5EF}.Release|Any CPU.ActiveCfg = Release|Any CPU
		{D9C5B3EE-FC1D-4EA5-9D2C-F4528049B5EF}.Release|Any CPU.Build.0 = Release|Any CPU
		{9A2CE557-22B8-4DDD-A1CE-7FD0CE909BE1}.Debug|Any CPU.ActiveCfg = Debug|Any CPU
		{9A2CE557-22B8-4DDD-A1CE-7FD0CE909BE1}.Debug|Any CPU.Build.0 = Debug|Any CPU
		{9A2CE557-22B8-4DDD-A1CE-7FD0CE909BE1}.Release|Any CPU.ActiveCfg = Release|Any CPU
		{9A2CE557-22B8-4DDD-A1CE-7FD0CE909BE1}.Release|Any CPU.Build.0 = Release|Any CPU
	EndGlobalSection
	GlobalSection(SolutionProperties) = preSolution
		HideSolutionNode = FALSE
	EndGlobalSection
	GlobalSection(ExtensibilityGlobals) = postSolution
		SolutionGuid = {897BEE6A-4CF2-48E6-96DD-9200CBBB994F}
	EndGlobalSection
EndGlobal
