
Microsoft Visual Studio Solution File, Format Version 12.00
# Visual Studio 15
VisualStudioVersion = 15.0.28010.2048
MinimumVisualStudioVersion = 10.0.40219.1
Project("{9A19103F-16F7-4668-BE54-9A1E7A4F7556}") = "MyHouseMaid", "MyHouseMaid\MyHouseMaid.csproj", "{8027F3F6-BE83-4F11-9595-39A37ED7CE64}"
EndProject
Project("{9A19103F-16F7-4668-BE54-9A1E7A4F7556}") = "MaidAPI", "MaidAPI\MaidAPI.csproj", "{CCD5D898-8A5B-4F18-A9C7-47B761091E9C}"
EndProject
Project("{FAE04EC0-301F-11D3-BF4B-00C04F79EFBC}") = "MaidAPI.Tests", "MaidAPI.Tests\MaidAPI.Tests.csproj", "{1E22E1E3-97A8-438D-A64F-4C312B627956}"
EndProject
Global
	GlobalSection(SolutionConfigurationPlatforms) = preSolution
		Debug|Any CPU = Debug|Any CPU
		Release|Any CPU = Release|Any CPU
	EndGlobalSection
	GlobalSection(ProjectConfigurationPlatforms) = postSolution
		{8027F3F6-BE83-4F11-9595-39A37ED7CE64}.Debug|Any CPU.ActiveCfg = Debug|Any CPU
		{8027F3F6-BE83-4F11-9595-39A37ED7CE64}.Debug|Any CPU.Build.0 = Debug|Any CPU
		{8027F3F6-BE83-4F11-9595-39A37ED7CE64}.Release|Any CPU.ActiveCfg = Release|Any CPU
		{8027F3F6-BE83-4F11-9595-39A37ED7CE64}.Release|Any CPU.Build.0 = Release|Any CPU
		{CCD5D898-8A5B-4F18-A9C7-47B761091E9C}.Debug|Any CPU.ActiveCfg = Debug|Any CPU
		{CCD5D898-8A5B-4F18-A9C7-47B761091E9C}.Debug|Any CPU.Build.0 = Debug|Any CPU
		{CCD5D898-8A5B-4F18-A9C7-47B761091E9C}.Release|Any CPU.ActiveCfg = Release|Any CPU
		{CCD5D898-8A5B-4F18-A9C7-47B761091E9C}.Release|Any CPU.Build.0 = Release|Any CPU
		{1E22E1E3-97A8-438D-A64F-4C312B627956}.Debug|Any CPU.ActiveCfg = Debug|Any CPU
		{1E22E1E3-97A8-438D-A64F-4C312B627956}.Debug|Any CPU.Build.0 = Debug|Any CPU
		{1E22E1E3-97A8-438D-A64F-4C312B627956}.Release|Any CPU.ActiveCfg = Release|Any CPU
		{1E22E1E3-97A8-438D-A64F-4C312B627956}.Release|Any CPU.Build.0 = Release|Any CPU
	EndGlobalSection
	GlobalSection(SolutionProperties) = preSolution
		HideSolutionNode = FALSE
	EndGlobalSection
	GlobalSection(ExtensibilityGlobals) = postSolution
		SolutionGuid = {897BEE6A-4CF2-48E6-96DD-9200CBBB994F}
	EndGlobalSection
EndGlobal
